
Microsoft Visual Studio Solution File, Format Version 12.00
# Visual Studio Version 17
VisualStudioVersion = 17.6.33815.320
MinimumVisualStudioVersion = 10.0.40219.1
Project("{9A19103F-16F7-4668-BE54-9A1E7A4F7556}") = "signal", "signal.csproj", "{EB90614E-B302-4D4C-A98A-F3C09F27B593}"
EndProject
Global
	GlobalSection(SolutionConfigurationPlatforms) = preSolution
		Debug|Any CPU = Debug|Any CPU
		Release|Any CPU = Release|Any CPU
	EndGlobalSection
	GlobalSection(ProjectConfigurationPlatforms) = postSolution
		{EB90614E-B302-4D4C-A98A-F3C09F27B593}.Debug|Any CPU.ActiveCfg = Debug|Any CPU
		{EB90614E-B302-4D4C-A98A-F3C09F27B593}.Debug|Any CPU.Build.0 = Debug|Any CPU
		{EB90614E-B302-4D4C-A98A-F3C09F27B593}.Release|Any CPU.ActiveCfg = Release|Any CPU
		{EB90614E-B302-4D4C-A98A-F3C09F27B593}.Release|Any CPU.Build.0 = Release|Any CPU
	EndGlobalSection
	GlobalSection(SolutionProperties) = preSolution
		HideSolutionNode = FALSE
	EndGlobalSection
	GlobalSection(ExtensibilityGlobals) = postSolution
		SolutionGuid = {CFC24658-3B0B-41AA-AA7B-A5FB0FFB88CF}
	EndGlobalSection
EndGlobal
